
Microsoft Visual Studio Solution File, Format Version 12.00
# Visual Studio 15
VisualStudioVersion = 15.0.27130.2027
MinimumVisualStudioVersion = 10.0.40219.1
Project("{8BC9CEB8-8B4A-11D0-8D11-00A0C91BC942}") = "RenderEngine", "RenderEngine\RenderEngine.vcxproj", "{091D0AB1-6DB6-439A-90AF-4E018398C797}"
EndProject
Global
	GlobalSection(SolutionConfigurationPlatforms) = preSolution
		Debug|x64 = Debug|x64
		Debug|x86 = Debug|x86
		Release|x64 = Release|x64
		Release|x86 = Release|x86
	EndGlobalSection
	GlobalSection(ProjectConfigurationPlatforms) = postSolution
		{091D0AB1-6DB6-439A-90AF-4E018398C797}.Debug|x64.ActiveCfg = Debug|x64
		{091D0AB1-6DB6-439A-90AF-4E018398C797}.Debug|x64.Build.0 = Debug|x64
		{091D0AB1-6DB6-439A-90AF-4E018398C797}.Debug|x86.ActiveCfg = Debug|Win32
		{091D0AB1-6DB6-439A-90AF-4E018398C797}.Debug|x86.Build.0 = Debug|Win32
		{091D0AB1-6DB6-439A-90AF-4E018398C797}.Release|x64.ActiveCfg = Release|x64
		{091D0AB1-6DB6-439A-90AF-4E018398C797}.Release|x64.Build.0 = Release|x64
		{091D0AB1-6DB6-439A-90AF-4E018398C797}.Release|x86.ActiveCfg = Release|Win32
		{091D0AB1-6DB6-439A-90AF-4E018398C797}.Release|x86.Build.0 = Release|Win32
	EndGlobalSection
	GlobalSection(SolutionProperties) = preSolution
		HideSolutionNode = FALSE
	EndGlobalSection
	GlobalSection(ExtensibilityGlobals) = postSolution
		SolutionGuid = {7F4B6094-F7BF-4B8B-96C4-670E1AA26B30}
	EndGlobalSection
EndGlobal
