<?xml version="1.0" encoding="utf-8"?>
<Project ToolsVersion="4.0" xmlns="http://schemas.microsoft.com/developer/msbuild/2003">
  <ItemGroup>
    <Filter Include="Archivos de origen">
      <UniqueIdentifier>{4FC737F1-C7A5-4376-A066-2A32D752A2FF}</UniqueIdentifier>
      <Extensions>cpp;c;cc;cxx;def;odl;idl;hpj;bat;asm;asmx</Extensions>
    </Filter>
    <Filter Include="Archivos de encabezado">
      <UniqueIdentifier>{93995380-89BD-4b04-88EB-625FBE52EBFB}</UniqueIdentifier>
      <Extensions>h;hh;hpp;hxx;hm;inl;inc;xsd</Extensions>
    </Filter>
    <Filter Include="Archivos de recursos">
      <UniqueIdentifier>{67DA6AB6-F800-4c08-8B7A-83BB121AAD01}</UniqueIdentifier>
      <Extensions>rc;ico;cur;bmp;dlg;rc2;rct;bin;rgs;gif;jpg;jpeg;jpe;resx;tiff;tif;png;wav;mfcribbon-ms</Extensions>
    </Filter>
    <Filter Include="Archivos de encabezado\programs">
      <UniqueIdentifier>{9def421f-ef6e-43a5-9c1e-d3d460e130d8}</UniqueIdentifier>
    </Filter>
    <Filter Include="Archivos de origen\programs">
      <UniqueIdentifier>{8a4e8fa6-8e4a-4b0b-911c-90a6576599df}</UniqueIdentifier>
    </Filter>
    <Filter Include="Archivos de encabezado\datatables">
      <UniqueIdentifier>{baf0d1be-6acf-43cb-8f8f-bb9af4e9c3df}</UniqueIdentifier>
    </Filter>
    <Filter Include="Archivos de encabezado\textures">
      <UniqueIdentifier>{f25c9730-1292-4a8f-838f-ea943a8c879c}</UniqueIdentifier>
    </Filter>
    <Filter Include="Archivos de encabezado\lights">
      <UniqueIdentifier>{8103116d-90e6-420c-964f-fa260a302db7}</UniqueIdentifier>
    </Filter>
    <Filter Include="Archivos de encabezado\postprocessprograms">
      <UniqueIdentifier>{9bf5af9a-c0ff-4cdd-aab5-7f59115f4400}</UniqueIdentifier>
    </Filter>
    <Filter Include="Archivos de encabezado\renderers">
      <UniqueIdentifier>{10ea7ebe-3d8c-41d3-8287-e8aab6c66300}</UniqueIdentifier>
    </Filter>
    <Filter Include="Archivos de encabezado\defaultobjects">
      <UniqueIdentifier>{29d7d3c5-a273-40ec-80bb-c187cc889eb6}</UniqueIdentifier>
    </Filter>
    <Filter Include="Archivos de encabezado\inputhandlers">
      <UniqueIdentifier>{aa78b844-4bea-488a-a349-cd38a98e3eff}</UniqueIdentifier>
    </Filter>
    <Filter Include="Archivos de encabezado\inputhandlers\keyboardhandlers">
      <UniqueIdentifier>{62e9863e-599c-42d2-b1df-47328e2e356d}</UniqueIdentifier>
    </Filter>
    <Filter Include="Archivos de encabezado\inputhandlers\mousehandlers">
      <UniqueIdentifier>{5ac48ad9-1269-48ba-a7bf-810f0b06adb1}</UniqueIdentifier>
    </Filter>
    <Filter Include="Archivos de origen\postprocessprograms">
      <UniqueIdentifier>{085bcbad-ddcb-4720-aa00-48cd5d31baa0}</UniqueIdentifier>
    </Filter>
    <Filter Include="Archivos de origen\textures">
      <UniqueIdentifier>{b087e105-7858-4bcf-958c-72fc01fec2c8}</UniqueIdentifier>
    </Filter>
    <Filter Include="Archivos de origen\lights">
      <UniqueIdentifier>{d657a1fb-1a96-4a2c-b201-b3488572e6d3}</UniqueIdentifier>
    </Filter>
    <Filter Include="Archivos de origen\renderers">
      <UniqueIdentifier>{83127cc2-066f-4357-a519-37fb019cf45c}</UniqueIdentifier>
    </Filter>
    <Filter Include="Archivos de origen\inputhandlers">
      <UniqueIdentifier>{3896b294-7e9d-4837-b98e-261a6d5acae4}</UniqueIdentifier>
    </Filter>
    <Filter Include="Archivos de origen\datatables">
      <UniqueIdentifier>{97c0d134-f5b6-4760-ac5c-5c198a004c7a}</UniqueIdentifier>
    </Filter>
    <Filter Include="Archivos de origen\inputhandlers\keyboardhandlers">
      <UniqueIdentifier>{2a3ed3e3-1483-456e-8914-aed27b89a522}</UniqueIdentifier>
    </Filter>
    <Filter Include="Archivos de origen\inputhandlers\mousehandlers">
      <UniqueIdentifier>{880c1a22-923a-464b-b4ac-84334ef2e4c6}</UniqueIdentifier>
    </Filter>
    <Filter Include="Archivos de origen\instances">
      <UniqueIdentifier>{280851a5-beac-41a4-9bf3-5cef938caeb5}</UniqueIdentifier>
    </Filter>
    <Filter Include="Archivos de encabezado\instances">
      <UniqueIdentifier>{947fb1ff-644d-4edc-a088-12720789bdc4}</UniqueIdentifier>
    </Filter>
    <Filter Include="Archivos de encabezado\windowmanagers">
      <UniqueIdentifier>{7f6f69ba-1705-42ea-9982-164192b3adcb}</UniqueIdentifier>
    </Filter>
    <Filter Include="Archivos de origen\windowmanagers">
      <UniqueIdentifier>{e7dfc417-dc83-4f63-bc89-60d74dd4d202}</UniqueIdentifier>
    </Filter>
    <Filter Include="Archivos de encabezado\imgui">
      <UniqueIdentifier>{e81328c1-ae86-460c-ade5-6c5af1834228}</UniqueIdentifier>
    </Filter>
    <Filter Include="Archivos de origen\imgui">
      <UniqueIdentifier>{c9deb772-1fc4-4b45-bdca-57d9e8677761}</UniqueIdentifier>
    </Filter>
    <Filter Include="Archivos de origen\userinterfaces">
      <UniqueIdentifier>{6422deb5-d726-43e5-9b7f-32f8476991f4}</UniqueIdentifier>
    </Filter>
    <Filter Include="Archivos de encabezado\userinterfaces">
      <UniqueIdentifier>{7a3abfaf-b2b5-4baa-aa73-b74814eeb999}</UniqueIdentifier>
    </Filter>
    <Filter Include="Archivos de encabezado\animations">
      <UniqueIdentifier>{6325bca1-bd18-4a64-989d-5ba2a09d61e3}</UniqueIdentifier>
    </Filter>
    <Filter Include="Archivos de origen\animatios">
      <UniqueIdentifier>{1d39236f-1074-448d-8db5-733f3d67e7c3}</UniqueIdentifier>
    </Filter>
    <Filter Include="shaders">
      <UniqueIdentifier>{7119b34f-0c23-4ed2-b22c-abbe6a1cb5a5}</UniqueIdentifier>
    </Filter>
    <Filter Include="shaders\postprocess">
      <UniqueIdentifier>{57ca5e8b-4000-4988-b830-0bfc0567e185}</UniqueIdentifier>
    </Filter>
    <Filter Include="shaders\terrain">
      <UniqueIdentifier>{ee1fc9d8-eb03-4f98-9235-5415966777c9}</UniqueIdentifier>
    </Filter>
    <Filter Include="shaders\water">
      <UniqueIdentifier>{8f3de222-b9a5-4459-b691-1cc7347132fd}</UniqueIdentifier>
    </Filter>
    <Filter Include="shaders\sky">
      <UniqueIdentifier>{2b8ece40-cc22-4953-a204-5f44bc12d2d5}</UniqueIdentifier>
    </Filter>
    <Filter Include="Archivos de encabezado\vegetation">
      <UniqueIdentifier>{ed003448-b7e5-4afd-b744-3aab40e9dcb7}</UniqueIdentifier>
    </Filter>
    <Filter Include="Archivos de origen\vegetation">
      <UniqueIdentifier>{c9c96168-7dec-4eec-8bf0-2b98a6a88135}</UniqueIdentifier>
    </Filter>
    <Filter Include="shaders\vegetation">
      <UniqueIdentifier>{13d8fc30-a085-4d6d-9620-142bb20c2042}</UniqueIdentifier>
    </Filter>
    <Filter Include="shaders\vegetation\tree">
      <UniqueIdentifier>{b5bb3fcd-02b2-415e-a20e-db00483148df}</UniqueIdentifier>
    </Filter>
    <Filter Include="Archivos de encabezado\skybox">
      <UniqueIdentifier>{0c49fd2f-037d-4072-b6da-8f9ab9e51c10}</UniqueIdentifier>
    </Filter>
    <Filter Include="Archivos de origen\skybox">
      <UniqueIdentifier>{ec6dcc4d-f510-4218-b509-f20eae6c1f88}</UniqueIdentifier>
    </Filter>
    <Filter Include="Archivos de encabezado\volumetricclouds">
      <UniqueIdentifier>{e2c3b0e9-5d4d-4cd9-8493-211772676ab2}</UniqueIdentifier>
    </Filter>
    <Filter Include="Archivos de origen\volumetricclouds">
      <UniqueIdentifier>{1a0a209f-2dba-4bce-88a4-af1451a3747d}</UniqueIdentifier>
    </Filter>
    <Filter Include="shaders\clouds">
      <UniqueIdentifier>{743aa906-3a8b-4f7b-b6e8-c36055a116bf}</UniqueIdentifier>
    </Filter>
    <Filter Include="Archivos de encabezado\util">
      <UniqueIdentifier>{8afa07cb-fc44-4619-9b30-834f75cc623b}</UniqueIdentifier>
    </Filter>
    <Filter Include="Archivos de origen\util">
      <UniqueIdentifier>{3bcd2326-6c97-4c6f-b798-efb3f71aa6fd}</UniqueIdentifier>
    </Filter>
    <Filter Include="Archivos de encabezado\computeprograms">
      <UniqueIdentifier>{fe953f9b-4b13-4cef-93c5-87577059ec24}</UniqueIdentifier>
    </Filter>
    <Filter Include="Archivos de origen\computeprograms">
      <UniqueIdentifier>{0abfcdc2-f4e2-42c0-bf41-66a7af90a33f}</UniqueIdentifier>
    </Filter>
    <Filter Include="shaders\clouds\generation">
      <UniqueIdentifier>{88f7877e-7163-466a-b888-edcd5aa6ed49}</UniqueIdentifier>
    </Filter>
  </ItemGroup>
  <ItemGroup>
    <ClInclude Include="include\Animation.h">
      <Filter>Archivos de encabezado</Filter>
    </ClInclude>
    <ClInclude Include="include\Camera.h">
      <Filter>Archivos de encabezado</Filter>
    </ClInclude>
    <ClInclude Include="include\DeferredNodeCallbacks.h">
      <Filter>Archivos de encabezado</Filter>
    </ClInclude>
    <ClInclude Include="include\DeferredRenderObject.h">
      <Filter>Archivos de encabezado</Filter>
    </ClInclude>
    <ClInclude Include="include\KeyboardHandler.h">
      <Filter>Archivos de encabezado</Filter>
    </ClInclude>
    <ClInclude Include="include\Light.h">
      <Filter>Archivos de encabezado</Filter>
    </ClInclude>
    <ClInclude Include="include\Mesh.h">
      <Filter>Archivos de encabezado</Filter>
    </ClInclude>
    <ClInclude Include="include\MouseHandler.h">
      <Filter>Archivos de encabezado</Filter>
    </ClInclude>
    <ClInclude Include="include\Object.h">
      <Filter>Archivos de encabezado</Filter>
    </ClInclude>
    <ClInclude Include="include\PostProcessProgram.h">
      <Filter>Archivos de encabezado</Filter>
    </ClInclude>
    <ClInclude Include="include\Program.h">
      <Filter>Archivos de encabezado</Filter>
    </ClInclude>
    <ClInclude Include="include\Renderer.h">
      <Filter>Archivos de encabezado</Filter>
    </ClInclude>
    <ClInclude Include="include\Scene.h">
      <Filter>Archivos de encabezado</Filter>
    </ClInclude>
    <ClInclude Include="include\Texture.h">
      <Filter>Archivos de encabezado</Filter>
    </ClInclude>
    <ClInclude Include="include\CustomMaths.h">
      <Filter>Archivos de encabezado</Filter>
    </ClInclude>
    <ClInclude Include="include\Terrain.h">
      <Filter>Archivos de encabezado</Filter>
    </ClInclude>
    <ClInclude Include="include\programs\ProceduralTerrainProgram.h">
      <Filter>Archivos de encabezado\programs</Filter>
    </ClInclude>
    <ClInclude Include="include\programs\StandardProgram.h">
      <Filter>Archivos de encabezado\programs</Filter>
    </ClInclude>
    <ClInclude Include="include\datatables\MeshTable.h">
      <Filter>Archivos de encabezado\datatables</Filter>
    </ClInclude>
    <ClInclude Include="include\datatables\ProgramTable.h">
      <Filter>Archivos de encabezado\datatables</Filter>
    </ClInclude>
    <ClInclude Include="include\datatables\TextureTable.h">
      <Filter>Archivos de encabezado\datatables</Filter>
    </ClInclude>
    <ClInclude Include="include\textures\Texture2D.h">
      <Filter>Archivos de encabezado\textures</Filter>
    </ClInclude>
    <ClInclude Include="include\textures\TextureCubemap.h">
      <Filter>Archivos de encabezado\textures</Filter>
    </ClInclude>
    <ClInclude Include="include\lights\DirectionalLight.h">
      <Filter>Archivos de encabezado\lights</Filter>
    </ClInclude>
    <ClInclude Include="include\lights\PointLight.h">
      <Filter>Archivos de encabezado\lights</Filter>
    </ClInclude>
    <ClInclude Include="include\lights\SpotLight.h">
      <Filter>Archivos de encabezado\lights</Filter>
    </ClInclude>
    <ClInclude Include="include\postprocessprograms\SSAAProgram.h">
      <Filter>Archivos de encabezado\postprocessprograms</Filter>
    </ClInclude>
    <ClInclude Include="include\renderers\DeferredRenderer.h">
      <Filter>Archivos de encabezado\renderers</Filter>
    </ClInclude>
    <ClInclude Include="include\renderers\ForwardRenderer.h">
      <Filter>Archivos de encabezado\renderers</Filter>
    </ClInclude>
    <ClInclude Include="include\renderers\SideBySideRenderer.h">
      <Filter>Archivos de encabezado\renderers</Filter>
    </ClInclude>
    <ClInclude Include="include\defaultobjects\Cube.h">
      <Filter>Archivos de encabezado\defaultobjects</Filter>
    </ClInclude>
    <ClInclude Include="include\defaultobjects\Plane.h">
      <Filter>Archivos de encabezado\defaultobjects</Filter>
    </ClInclude>
    <ClInclude Include="include\inputhandlers\keyboardhandlers\CameraMovementHandler.h">
      <Filter>Archivos de encabezado\inputhandlers\keyboardhandlers</Filter>
    </ClInclude>
    <ClInclude Include="include\inputhandlers\mousehandlers\CameraRotationHandler.h">
      <Filter>Archivos de encabezado\inputhandlers\mousehandlers</Filter>
    </ClInclude>
    <ClInclude Include="include\postprocessprograms\DeferredShadingProgram.h">
      <Filter>Archivos de encabezado\postprocessprograms</Filter>
    </ClInclude>
    <ClInclude Include="include\instances\TextureInstance.h">
      <Filter>Archivos de encabezado\instances</Filter>
    </ClInclude>
    <ClInclude Include="include\programs\SkyProgram.h">
      <Filter>Archivos de encabezado\programs</Filter>
    </ClInclude>
    <ClInclude Include="include\postprocessprograms\DepthOfFieldProgram.h">
      <Filter>Archivos de encabezado\postprocessprograms</Filter>
    </ClInclude>
    <ClInclude Include="include\postprocessprograms\GaussianBlurProgram.h">
      <Filter>Archivos de encabezado\postprocessprograms</Filter>
    </ClInclude>
    <ClInclude Include="include\StorageTable.h">
      <Filter>Archivos de encabezado</Filter>
    </ClInclude>
    <ClInclude Include="include\IRenderable.h">
      <Filter>Archivos de encabezado</Filter>
    </ClInclude>
    <ClInclude Include="include\programs\ProceduralWaterProgram.h">
      <Filter>Archivos de encabezado\programs</Filter>
    </ClInclude>
    <ClInclude Include="include\WindowToolkit.h">
      <Filter>Archivos de encabezado</Filter>
    </ClInclude>
    <ClInclude Include="include\windowmanagers\GLFWWindow.h">
      <Filter>Archivos de encabezado\windowmanagers</Filter>
    </ClInclude>
    <ClInclude Include="include\windowmanagers\GLUTWindow.h">
      <Filter>Archivos de encabezado\windowmanagers</Filter>
    </ClInclude>
    <ClInclude Include="include\windowmanagers\WindowManager.h">
      <Filter>Archivos de encabezado\windowmanagers</Filter>
    </ClInclude>
    <ClInclude Include="include\UserInterface.h">
      <Filter>Archivos de encabezado</Filter>
    </ClInclude>
    <ClInclude Include="lib\include\imgui\imconfig.h">
      <Filter>Archivos de encabezado\imgui</Filter>
    </ClInclude>
    <ClInclude Include="lib\include\imgui\imgui.h">
      <Filter>Archivos de encabezado\imgui</Filter>
    </ClInclude>
    <ClInclude Include="lib\include\imgui\imgui_internal.h">
      <Filter>Archivos de encabezado\imgui</Filter>
    </ClInclude>
    <ClInclude Include="lib\include\imgui\stb_rect_pack.h">
      <Filter>Archivos de encabezado\imgui</Filter>
    </ClInclude>
    <ClInclude Include="lib\include\imgui\stb_textedit.h">
      <Filter>Archivos de encabezado\imgui</Filter>
    </ClInclude>
    <ClInclude Include="lib\include\imgui\stb_truetype.h">
      <Filter>Archivos de encabezado\imgui</Filter>
    </ClInclude>
    <ClInclude Include="include\userinterfaces\WorldControllerUI.h">
      <Filter>Archivos de encabezado\userinterfaces</Filter>
    </ClInclude>
    <ClInclude Include="include\WorldConfig.h">
      <Filter>Archivos de encabezado</Filter>
    </ClInclude>
    <ClInclude Include="include\inputhandlers\keyboardhandlers\ToggleUIHandler.h">
      <Filter>Archivos de encabezado\inputhandlers\keyboardhandlers</Filter>
    </ClInclude>
    <ClInclude Include="include\LightBufferManager.h">
      <Filter>Archivos de encabezado</Filter>
    </ClInclude>
    <ClInclude Include="include\programs\ShadowMapProgram.h">
      <Filter>Archivos de encabezado\programs</Filter>
    </ClInclude>
    <ClInclude Include="include\datatables\DeferredObjectsTable.h">
      <Filter>Archivos de encabezado\datatables</Filter>
    </ClInclude>
    <ClInclude Include="include\Time.h">
      <Filter>Archivos de encabezado</Filter>
    </ClInclude>
    <ClInclude Include="include\animations\CameraBezier.h">
      <Filter>Archivos de encabezado\animations</Filter>
    </ClInclude>
    <ClInclude Include="include\postprocessprograms\BloomProgram.h">
      <Filter>Archivos de encabezado\postprocessprograms</Filter>
    </ClInclude>
    <ClInclude Include="include\ProceduralVegetation.h">
      <Filter>Archivos de encabezado</Filter>
    </ClInclude>
    <ClInclude Include="include\vegetation\FractalTree.h">
      <Filter>Archivos de encabezado\vegetation</Filter>
    </ClInclude>
    <ClInclude Include="include\programs\TreeProgram.h">
      <Filter>Archivos de encabezado\programs</Filter>
    </ClInclude>
    <ClInclude Include="include\datatables\VegetationTable.h">
      <Filter>Archivos de encabezado\datatables</Filter>
    </ClInclude>
    <ClInclude Include="include\defaultobjects\TreeShapes.h">
      <Filter>Archivos de encabezado\defaultobjects</Filter>
    </ClInclude>
    <ClInclude Include="include\skybox\AbstractSkyBox.h">
      <Filter>Archivos de encabezado\skybox</Filter>
    </ClInclude>
    <ClInclude Include="include\skybox\DummySkybox.h">
      <Filter>Archivos de encabezado\skybox</Filter>
    </ClInclude>
    <ClInclude Include="include\skybox\SkyBox.h">
      <Filter>Archivos de encabezado\skybox</Filter>
    </ClInclude>
    <ClInclude Include="include\volumetricclouds\NoiseInitializer.h">
      <Filter>Archivos de encabezado\volumetricclouds</Filter>
    </ClInclude>
    <ClInclude Include="include\textures\Texture3D.h">
      <Filter>Archivos de encabezado\textures</Filter>
    </ClInclude>
    <ClInclude Include="include\Threadpool.h">
      <Filter>Archivos de encabezado</Filter>
    </ClInclude>
    <ClInclude Include="include\ComputeProgram.h">
      <Filter>Archivos de encabezado</Filter>
    </ClInclude>
    <ClInclude Include="include\util\IOUtils.h">
      <Filter>Archivos de encabezado\util</Filter>
    </ClInclude>
    <ClInclude Include="include\computeprograms\VolumeTextureProgram.h">
      <Filter>Archivos de encabezado\computeprograms</Filter>
    </ClInclude>
    <ClInclude Include="include\computeprograms\WeatherTextureProgram.h">
      <Filter>Archivos de encabezado\computeprograms</Filter>
    </ClInclude>
    <ClInclude Include="include\postprocessprograms\VolumetricCloudProgram.h">
      <Filter>Archivos de encabezado\postprocessprograms</Filter>
    </ClInclude>
    <ClInclude Include="include\volumetricclouds\VolumetricClouds.h">
      <Filter>Archivos de encabezado</Filter>
    </ClInclude>
    <ClInclude Include="include\postprocessprograms\SSReflectionProgram.h">
      <Filter>Archivos de encabezado\postprocessprograms</Filter>
    </ClInclude>
    <ClInclude Include="include\postprocessprograms\SSGrassProgram.h">
      <Filter>Archivos de encabezado\postprocessprograms</Filter>
    </ClInclude>
    <ClInclude Include="include\volumetricclouds\CloudSystem.h">
      <Filter>Archivos de encabezado\volumetricclouds</Filter>
    </ClInclude>
    <ClInclude Include="include\postprocessprograms\HDRToneMappingProgram.h">
      <Filter>Archivos de encabezado\postprocessprograms</Filter>
    </ClInclude>
    <ClInclude Include="include\postprocessprograms\SSGodRayProgram.h">
      <Filter>Archivos de encabezado\postprocessprograms</Filter>
    </ClInclude>
    <ClInclude Include="include\CascadeShadowMaps.h">
      <Filter>Archivos de encabezado</Filter>
    </ClInclude>
  </ItemGroup>
  <ItemGroup>
    <ClCompile Include="src\Animation.cpp">
      <Filter>Archivos de origen</Filter>
    </ClCompile>
    <ClCompile Include="src\Camera.cpp">
      <Filter>Archivos de origen</Filter>
    </ClCompile>
    <ClCompile Include="src\DeferredNodeCallbacks.cpp">
      <Filter>Archivos de origen</Filter>
    </ClCompile>
    <ClCompile Include="src\DeferredRenderObject.cpp">
      <Filter>Archivos de origen</Filter>
    </ClCompile>
    <ClCompile Include="src\KeyboardHandler.cpp">
      <Filter>Archivos de origen</Filter>
    </ClCompile>
    <ClCompile Include="src\Light.cpp">
      <Filter>Archivos de origen</Filter>
    </ClCompile>
    <ClCompile Include="src\main.cpp">
      <Filter>Archivos de origen</Filter>
    </ClCompile>
    <ClCompile Include="src\Mesh.cpp">
      <Filter>Archivos de origen</Filter>
    </ClCompile>
    <ClCompile Include="src\MouseHandler.cpp">
      <Filter>Archivos de origen</Filter>
    </ClCompile>
    <ClCompile Include="src\Object.cpp">
      <Filter>Archivos de origen</Filter>
    </ClCompile>
    <ClCompile Include="src\PostProcessProgram.cpp">
      <Filter>Archivos de origen</Filter>
    </ClCompile>
    <ClCompile Include="src\Program.cpp">
      <Filter>Archivos de origen</Filter>
    </ClCompile>
    <ClCompile Include="src\Renderer.cpp">
      <Filter>Archivos de origen</Filter>
    </ClCompile>
    <ClCompile Include="src\Scene.cpp">
      <Filter>Archivos de origen</Filter>
    </ClCompile>
    <ClCompile Include="src\Texture.cpp">
      <Filter>Archivos de origen</Filter>
    </ClCompile>
    <ClCompile Include="src\CustomMaths.cpp">
      <Filter>Archivos de origen</Filter>
    </ClCompile>
    <ClCompile Include="src\Terrain.cpp">
      <Filter>Archivos de origen</Filter>
    </ClCompile>
    <ClCompile Include="src\programs\ProceduralTerrainProgram.cpp">
      <Filter>Archivos de origen\programs</Filter>
    </ClCompile>
    <ClCompile Include="src\programs\StandardProgram.cpp">
      <Filter>Archivos de origen\programs</Filter>
    </ClCompile>
    <ClCompile Include="src\lights\DirectionalLight.cpp">
      <Filter>Archivos de origen\lights</Filter>
    </ClCompile>
    <ClCompile Include="src\lights\PointLight.cpp">
      <Filter>Archivos de origen\lights</Filter>
    </ClCompile>
    <ClCompile Include="src\lights\SpotLight.cpp">
      <Filter>Archivos de origen\lights</Filter>
    </ClCompile>
    <ClCompile Include="src\inputhandlers\keyboardhandlers\CameraMovementHandler.cpp">
      <Filter>Archivos de origen\inputhandlers\keyboardhandlers</Filter>
    </ClCompile>
    <ClCompile Include="src\inputhandlers\mousehandlers\CameraRotationHandler.cpp">
      <Filter>Archivos de origen\inputhandlers\mousehandlers</Filter>
    </ClCompile>
    <ClCompile Include="src\datatables\MeshTable.cpp">
      <Filter>Archivos de origen\datatables</Filter>
    </ClCompile>
    <ClCompile Include="src\datatables\ProgramTable.cpp">
      <Filter>Archivos de origen\datatables</Filter>
    </ClCompile>
    <ClCompile Include="src\datatables\TextureTable.cpp">
      <Filter>Archivos de origen\datatables</Filter>
    </ClCompile>
    <ClCompile Include="src\renderers\DeferredRenderer.cpp">
      <Filter>Archivos de origen\renderers</Filter>
    </ClCompile>
    <ClCompile Include="src\renderers\ForwardRenderer.cpp">
      <Filter>Archivos de origen\renderers</Filter>
    </ClCompile>
    <ClCompile Include="src\renderers\SideBySideRenderer.cpp">
      <Filter>Archivos de origen\renderers</Filter>
    </ClCompile>
    <ClCompile Include="src\textures\Texture2D.cpp">
      <Filter>Archivos de origen\textures</Filter>
    </ClCompile>
    <ClCompile Include="src\textures\TextureCubemap.cpp">
      <Filter>Archivos de origen\textures</Filter>
    </ClCompile>
    <ClCompile Include="src\postprocessprograms\DeferredShadingProgram.cpp">
      <Filter>Archivos de origen\postprocessprograms</Filter>
    </ClCompile>
    <ClCompile Include="src\postprocessprograms\SSAAProgram.cpp">
      <Filter>Archivos de origen\postprocessprograms</Filter>
    </ClCompile>
    <ClCompile Include="src\programs\SkyProgram.cpp">
      <Filter>Archivos de origen\programs</Filter>
    </ClCompile>
    <ClCompile Include="src\instances\TextureInstance.cpp">
      <Filter>Archivos de origen\instances</Filter>
    </ClCompile>
    <ClCompile Include="src\postprocessprograms\DepthOfFieldProgram.cpp">
      <Filter>Archivos de origen\postprocessprograms</Filter>
    </ClCompile>
    <ClCompile Include="src\postprocessprograms\GaussianBlurProgram.cpp">
      <Filter>Archivos de origen\postprocessprograms</Filter>
    </ClCompile>
    <ClCompile Include="src\StorageTable.cpp">
      <Filter>Archivos de origen</Filter>
    </ClCompile>
    <ClCompile Include="src\programs\ProceduralWaterProgram.cpp">
      <Filter>Archivos de origen\programs</Filter>
    </ClCompile>
    <ClCompile Include="src\windowmanagers\GLFWWindow.cpp">
      <Filter>Archivos de origen\windowmanagers</Filter>
    </ClCompile>
    <ClCompile Include="src\windowmanagers\GLUTWindow.cpp">
      <Filter>Archivos de origen\windowmanagers</Filter>
    </ClCompile>
    <ClCompile Include="src\windowmanagers\WindowManager.cpp">
      <Filter>Archivos de origen\windowmanagers</Filter>
    </ClCompile>
    <ClCompile Include="src\WindowToolkit.cpp">
      <Filter>Archivos de origen</Filter>
    </ClCompile>
    <ClCompile Include="src\UserInterface.cpp">
      <Filter>Archivos de origen</Filter>
    </ClCompile>
    <ClCompile Include="lib\include\imgui\imgui_demo.cpp">
      <Filter>Archivos de origen\imgui</Filter>
    </ClCompile>
    <ClCompile Include="lib\include\imgui\imgui_draw.cpp">
      <Filter>Archivos de origen\imgui</Filter>
    </ClCompile>
    <ClCompile Include="lib\include\imgui\imgui.cpp">
      <Filter>Archivos de origen\imgui</Filter>
    </ClCompile>
    <ClCompile Include="src\userinterfaces\WorldControllerUI.cpp">
      <Filter>Archivos de origen\userinterfaces</Filter>
    </ClCompile>
    <ClCompile Include="src\inputhandlers\keyboardhandlers\ToggleUIHandler.cpp">
      <Filter>Archivos de origen\inputhandlers\keyboardhandlers</Filter>
    </ClCompile>
    <ClCompile Include="src\WorldConfig.cpp">
      <Filter>Archivos de origen</Filter>
    </ClCompile>
    <ClCompile Include="src\LightBufferManager.cpp">
      <Filter>Archivos de origen</Filter>
    </ClCompile>
    <ClCompile Include="src\programs\ShadowMapProgram.cpp">
      <Filter>Archivos de origen\programs</Filter>
    </ClCompile>
    <ClCompile Include="src\datatables\DeferredObjectsTable.cpp">
      <Filter>Archivos de origen\datatables</Filter>
    </ClCompile>
    <ClCompile Include="src\Time.cpp">
      <Filter>Archivos de origen</Filter>
    </ClCompile>
    <ClCompile Include="src\animations\CameraBezier.cpp">
      <Filter>Archivos de origen\animatios</Filter>
    </ClCompile>
    <ClCompile Include="src\postprocessprograms\BloomProgram.cpp">
      <Filter>Archivos de origen\postprocessprograms</Filter>
    </ClCompile>
    <ClCompile Include="src\ProceduralVegetation.cpp">
      <Filter>Archivos de origen</Filter>
    </ClCompile>
    <ClCompile Include="src\vegetation\FractalTree.cpp">
      <Filter>Archivos de origen\vegetation</Filter>
    </ClCompile>
    <ClCompile Include="src\programs\TreeProgram.cpp">
      <Filter>Archivos de origen\programs</Filter>
    </ClCompile>
    <ClCompile Include="src\datatables\VegetationTable.cpp">
      <Filter>Archivos de origen\datatables</Filter>
    </ClCompile>
    <ClCompile Include="src\skybox\SkyBox.cpp">
      <Filter>Archivos de origen\skybox</Filter>
    </ClCompile>
    <ClCompile Include="src\volumetricclouds\NoiseInitializer.cpp">
      <Filter>Archivos de origen\volumetricclouds</Filter>
    </ClCompile>
    <ClCompile Include="src\textures\Texture3D.cpp">
      <Filter>Archivos de origen\textures</Filter>
    </ClCompile>
    <ClCompile Include="src\Threadpool.cpp">
      <Filter>Archivos de origen</Filter>
    </ClCompile>
    <ClCompile Include="src\ComputeProgram.cpp">
      <Filter>Archivos de origen</Filter>
    </ClCompile>
    <ClCompile Include="src\computeprograms\VolumeTextureProgram.cpp">
      <Filter>Archivos de origen\computeprograms</Filter>
    </ClCompile>
    <ClCompile Include="src\util\IOUtils.cpp">
      <Filter>Archivos de origen\util</Filter>
    </ClCompile>
    <ClCompile Include="src\computeprograms\WeatherTextureProgram.cpp">
      <Filter>Archivos de origen\computeprograms</Filter>
    </ClCompile>
    <ClCompile Include="src\postprocessprograms\VolumetricCloudProgram.cpp">
      <Filter>Archivos de origen\postprocessprograms</Filter>
    </ClCompile>
    <ClCompile Include="src\postprocessprograms\SSReflectionProgram.cpp">
      <Filter>Archivos de origen\postprocessprograms</Filter>
    </ClCompile>
    <ClCompile Include="src\postprocessprograms\SSGrassProgram.cpp">
      <Filter>Archivos de origen\postprocessprograms</Filter>
    </ClCompile>
    <ClCompile Include="src\volumetricclouds\CloudSystem.cpp">
      <Filter>Archivos de origen\volumetricclouds</Filter>
    </ClCompile>
    <ClCompile Include="src\postprocessprograms\HDRToneMappingProgram.cpp">
      <Filter>Archivos de origen\postprocessprograms</Filter>
    </ClCompile>
    <ClCompile Include="src\postprocessprograms\SSGodRayProgram.cpp">
      <Filter>Archivos de origen\postprocessprograms</Filter>
    </ClCompile>
    <ClCompile Include="src\CascadeShadowMaps.cpp">
      <Filter>Archivos de origen</Filter>
    </ClCompile>
  </ItemGroup>
  <ItemGroup>
    <None Include="shaders\sky\sky.frag">
      <Filter>shaders\sky</Filter>
    </None>
    <None Include="shaders\sky\sky.vert">
      <Filter>shaders\sky</Filter>
    </None>
    <None Include="shaders\water\water.frag">
      <Filter>shaders\water</Filter>
    </None>
    <None Include="shaders\water\water.geom">
      <Filter>shaders\water</Filter>
    </None>
    <None Include="shaders\water\water.tesctrl">
      <Filter>shaders\water</Filter>
    </None>
    <None Include="shaders\water\water.teseval">
      <Filter>shaders\water</Filter>
    </None>
    <None Include="shaders\water\water.vert">
      <Filter>shaders\water</Filter>
    </None>
    <None Include="shaders\terrain\terrain.frag">
      <Filter>shaders\terrain</Filter>
    </None>
    <None Include="shaders\terrain\terrain.geom">
      <Filter>shaders\terrain</Filter>
    </None>
    <None Include="shaders\terrain\terrain.tesctrl">
      <Filter>shaders\terrain</Filter>
    </None>
    <None Include="shaders\terrain\terrain.teseval">
      <Filter>shaders\terrain</Filter>
    </None>
    <None Include="shaders\terrain\terrain.vert">
      <Filter>shaders\terrain</Filter>
    </None>
    <None Include="shaders\postprocess\DeferredShading.frag">
      <Filter>shaders\postprocess</Filter>
    </None>
    <None Include="shaders\shader.full_color.frag">
      <Filter>shaders</Filter>
    </None>
    <None Include="shaders\shader.full_color.vert">
      <Filter>shaders</Filter>
    </None>
    <None Include="shaders\shader.full_texture.frag">
      <Filter>shaders</Filter>
    </None>
    <None Include="shaders\shader.full_texture.vert">
      <Filter>shaders</Filter>
    </None>
    <None Include="shaders\postprocess\Bloom.frag">
      <Filter>shaders\postprocess</Filter>
    </None>
    <None Include="shaders\vegetation\tree\tree.frag">
      <Filter>shaders\vegetation\tree</Filter>
    </None>
    <None Include="shaders\vegetation\tree\tree.vert">
      <Filter>shaders\vegetation\tree</Filter>
    </None>
    <None Include="shaders\vegetation\tree\tree.geom">
      <Filter>shaders\vegetation\tree</Filter>
    </None>
    <None Include="shaders\clouds\generation\perlinworley.comp">
      <Filter>shaders\clouds\generation</Filter>
    </None>
    <None Include="shaders\clouds\generation\worley.comp">
      <Filter>shaders\clouds\generation</Filter>
    </None>
    <None Include="shaders\clouds\generation\weather.comp">
      <Filter>shaders\clouds\generation</Filter>
    </None>
    <None Include="shaders\clouds\volumetricclouds.frag">
      <Filter>shaders\clouds</Filter>
    </None>
    <None Include="shaders\postprocess\SSReflections.frag">
      <Filter>shaders\postprocess</Filter>
    </None>
    <None Include="shaders\postprocess\DepthOfField.frag">
      <Filter>shaders\postprocess</Filter>
    </None>
    <None Include="shaders\postprocess\GaussianBlur.frag">
      <Filter>shaders\postprocess</Filter>
    </None>
    <None Include="shaders\postprocess\PostProcessRender.frag">
      <Filter>shaders\postprocess</Filter>
    </None>
    <None Include="shaders\postprocess\PostProcessRender.vert">
      <Filter>shaders\postprocess</Filter>
    </None>
    <None Include="shaders\postprocess\SSAA.frag">
      <Filter>shaders\postprocess</Filter>
    </None>
    <None Include="shaders\postprocess\SSGrass.frag">
      <Filter>shaders\postprocess</Filter>
    </None>
    <None Include="shaders\postprocess\HDRToneMapping.frag">
      <Filter>shaders\postprocess</Filter>
    </None>
    <None Include="shaders\postprocess\SSGodRays.frag">
      <Filter>shaders\postprocess</Filter>
    </None>
  </ItemGroup>
</Project>